
Microsoft Visual Studio Solution File, Format Version 12.00
# Visual Studio Version 17
VisualStudioVersion = 17.8.34330.188
MinimumVisualStudioVersion = 10.0.40219.1
Project("{9A19103F-16F7-4668-BE54-9A1E7A4F7556}") = "WarehouseApp", "WarehouseApp.csproj", "{46C8E085-72EC-4E3D-A24B-60AA25C7C90B}"
EndProject
Global
	GlobalSection(SolutionConfigurationPlatforms) = preSolution
		Debug|Any CPU = Debug|Any CPU
		Release|Any CPU = Release|Any CPU
	EndGlobalSection
	GlobalSection(ProjectConfigurationPlatforms) = postSolution
		{46C8E085-72EC-4E3D-A24B-60AA25C7C90B}.Debug|Any CPU.ActiveCfg = Debug|Any CPU
		{46C8E085-72EC-4E3D-A24B-60AA25C7C90B}.Debug|Any CPU.Build.0 = Debug|Any CPU
		{46C8E085-72EC-4E3D-A24B-60AA25C7C90B}.Release|Any CPU.ActiveCfg = Release|Any CPU
		{46C8E085-72EC-4E3D-A24B-60AA25C7C90B}.Release|Any CPU.Build.0 = Release|Any CPU
	EndGlobalSection
	GlobalSection(SolutionProperties) = preSolution
		HideSolutionNode = FALSE
	EndGlobalSection
	GlobalSection(ExtensibilityGlobals) = postSolution
		SolutionGuid = {61850C34-4F19-468B-A70D-CF4FF4D0F56E}
	EndGlobalSection
EndGlobal
